
Microsoft Visual Studio Solution File, Format Version 12.00
# Visual Studio Version 17
VisualStudioVersion = 17.8.34316.72
MinimumVisualStudioVersion = 10.0.40219.1
Project("{9A19103F-16F7-4668-BE54-9A1E7A4F7556}") = "MeetingManagement.API", "MeetingManagement.API\MeetingManagement.API.csproj", "{425E2A52-CEBC-4673-A13C-12C838D98EDD}"
EndProject
Project("{9A19103F-16F7-4668-BE54-9A1E7A4F7556}") = "MeetingManagement.DAL", "MeetingManagement.DAL\MeetingManagement.DAL.csproj", "{4E035A75-DCAE-4976-8AB0-C4AA3A94DDCE}"
EndProject
Project("{9A19103F-16F7-4668-BE54-9A1E7A4F7556}") = "MeetingManagement.Model", "MeetingManagement.Model\MeetingManagement.Model.csproj", "{F1CFC102-0827-4FA6-B6C1-CED9C67265F6}"
EndProject
Project("{9A19103F-16F7-4668-BE54-9A1E7A4F7556}") = "MeetingManagement.Repository", "MeetingManagement.Repository\MeetingManagement.Repository.csproj", "{8974B419-A11C-4E61-AB14-0892EF21BB6A}"
EndProject
Project("{9A19103F-16F7-4668-BE54-9A1E7A4F7556}") = "MeetingManagement.Service", "MeetingManagement.Service\MeetingManagement.Service.csproj", "{5E3512B1-E128-41FF-9F4F-37706BB8B962}"
EndProject
Project("{E24C65DC-7377-472B-9ABA-BC803B73C61A}") = "MeetingManagement.Web", "MeetingManagement.Web\", "{F78EEE9C-99EB-45CE-AD06-7026D41489A4}"
	ProjectSection(WebsiteProperties) = preProject
		TargetFrameworkMoniker = ".NETFramework,Version%3Dv4.8"
		Debug.AspNetCompiler.VirtualPath = "/localhost_55826"
		Debug.AspNetCompiler.PhysicalPath = "MeetingManagement.Web\"
		Debug.AspNetCompiler.TargetPath = "PrecompiledWeb\localhost_55826\"
		Debug.AspNetCompiler.Updateable = "true"
		Debug.AspNetCompiler.ForceOverwrite = "true"
		Debug.AspNetCompiler.FixedNames = "false"
		Debug.AspNetCompiler.Debug = "True"
		Release.AspNetCompiler.VirtualPath = "/localhost_55826"
		Release.AspNetCompiler.PhysicalPath = "MeetingManagement.Web\"
		Release.AspNetCompiler.TargetPath = "PrecompiledWeb\localhost_55826\"
		Release.AspNetCompiler.Updateable = "true"
		Release.AspNetCompiler.ForceOverwrite = "true"
		Release.AspNetCompiler.FixedNames = "false"
		Release.AspNetCompiler.Debug = "False"
		VWDPort = "55826"
		SlnRelativePath = "MeetingManagement.Web\"
	EndProjectSection
EndProject
Global
	GlobalSection(SolutionConfigurationPlatforms) = preSolution
		Debug|Any CPU = Debug|Any CPU
		Release|Any CPU = Release|Any CPU
	EndGlobalSection
	GlobalSection(ProjectConfigurationPlatforms) = postSolution
		{425E2A52-CEBC-4673-A13C-12C838D98EDD}.Debug|Any CPU.ActiveCfg = Debug|Any CPU
		{425E2A52-CEBC-4673-A13C-12C838D98EDD}.Debug|Any CPU.Build.0 = Debug|Any CPU
		{425E2A52-CEBC-4673-A13C-12C838D98EDD}.Release|Any CPU.ActiveCfg = Release|Any CPU
		{425E2A52-CEBC-4673-A13C-12C838D98EDD}.Release|Any CPU.Build.0 = Release|Any CPU
		{4E035A75-DCAE-4976-8AB0-C4AA3A94DDCE}.Debug|Any CPU.ActiveCfg = Debug|Any CPU
		{4E035A75-DCAE-4976-8AB0-C4AA3A94DDCE}.Debug|Any CPU.Build.0 = Debug|Any CPU
		{4E035A75-DCAE-4976-8AB0-C4AA3A94DDCE}.Release|Any CPU.ActiveCfg = Release|Any CPU
		{4E035A75-DCAE-4976-8AB0-C4AA3A94DDCE}.Release|Any CPU.Build.0 = Release|Any CPU
		{F1CFC102-0827-4FA6-B6C1-CED9C67265F6}.Debug|Any CPU.ActiveCfg = Debug|Any CPU
		{F1CFC102-0827-4FA6-B6C1-CED9C67265F6}.Debug|Any CPU.Build.0 = Debug|Any CPU
		{F1CFC102-0827-4FA6-B6C1-CED9C67265F6}.Release|Any CPU.ActiveCfg = Release|Any CPU
		{F1CFC102-0827-4FA6-B6C1-CED9C67265F6}.Release|Any CPU.Build.0 = Release|Any CPU
		{8974B419-A11C-4E61-AB14-0892EF21BB6A}.Debug|Any CPU.ActiveCfg = Debug|Any CPU
		{8974B419-A11C-4E61-AB14-0892EF21BB6A}.Debug|Any CPU.Build.0 = Debug|Any CPU
		{8974B419-A11C-4E61-AB14-0892EF21BB6A}.Release|Any CPU.ActiveCfg = Release|Any CPU
		{8974B419-A11C-4E61-AB14-0892EF21BB6A}.Release|Any CPU.Build.0 = Release|Any CPU
		{5E3512B1-E128-41FF-9F4F-37706BB8B962}.Debug|Any CPU.ActiveCfg = Debug|Any CPU
		{5E3512B1-E128-41FF-9F4F-37706BB8B962}.Debug|Any CPU.Build.0 = Debug|Any CPU
		{5E3512B1-E128-41FF-9F4F-37706BB8B962}.Release|Any CPU.ActiveCfg = Release|Any CPU
		{5E3512B1-E128-41FF-9F4F-37706BB8B962}.Release|Any CPU.Build.0 = Release|Any CPU
		{F78EEE9C-99EB-45CE-AD06-7026D41489A4}.Debug|Any CPU.ActiveCfg = Debug|Any CPU
		{F78EEE9C-99EB-45CE-AD06-7026D41489A4}.Debug|Any CPU.Build.0 = Debug|Any CPU
		{F78EEE9C-99EB-45CE-AD06-7026D41489A4}.Release|Any CPU.ActiveCfg = Debug|Any CPU
		{F78EEE9C-99EB-45CE-AD06-7026D41489A4}.Release|Any CPU.Build.0 = Debug|Any CPU
	EndGlobalSection
	GlobalSection(SolutionProperties) = preSolution
		HideSolutionNode = FALSE
	EndGlobalSection
	GlobalSection(ExtensibilityGlobals) = postSolution
		SolutionGuid = {AFFC3A1E-3196-4054-B67E-4D0DDE692A29}
	EndGlobalSection
EndGlobal
